
Microsoft Visual Studio Solution File, Format Version 12.00
# Visual Studio 15
VisualStudioVersion = 15.0.28307.329
MinimumVisualStudioVersion = 10.0.40219.1
Project("{FAE04EC0-301F-11D3-BF4B-00C04F79EFBC}") = "TableReaderLib", "TableReaderLib\TableReaderLib.csproj", "{5707D99D-E043-48E2-AEC5-C75FD5D56CC6}"
EndProject
Project("{FAE04EC0-301F-11D3-BF4B-00C04F79EFBC}") = "ExcelReaderForTableReaderLib", "ExcelReaderForTableReaderLib\ExcelReaderForTableReaderLib.csproj", "{00F06641-71E6-421A-97EB-D235437E2F9F}"
EndProject
Project("{FAE04EC0-301F-11D3-BF4B-00C04F79EFBC}") = "DemoConsoleAppDotNet", "DemoConsoleAppDotNet\DemoConsoleAppDotNet.csproj", "{C180A1B7-CB46-4D75-9C84-DB4D8B1A1C5D}"
EndProject
Project("{FAE04EC0-301F-11D3-BF4B-00C04F79EFBC}") = "TableReaderTest", "TableReaderTest\TableReaderTest.csproj", "{01261555-78BD-4AE8-B21E-EE76DFF6AA5E}"
EndProject
Project("{FAE04EC0-301F-11D3-BF4B-00C04F79EFBC}") = "ReadersForTableReaderLib", "ReadersForTableReaderLib\ReadersForTableReaderLib.csproj", "{1262737A-08D3-4BAE-8BBE-65C544305FC9}"
EndProject
Global
	GlobalSection(SolutionConfigurationPlatforms) = preSolution
		Debug|Any CPU = Debug|Any CPU
		Release|Any CPU = Release|Any CPU
	EndGlobalSection
	GlobalSection(ProjectConfigurationPlatforms) = postSolution
		{5707D99D-E043-48E2-AEC5-C75FD5D56CC6}.Debug|Any CPU.ActiveCfg = Debug|Any CPU
		{5707D99D-E043-48E2-AEC5-C75FD5D56CC6}.Debug|Any CPU.Build.0 = Debug|Any CPU
		{5707D99D-E043-48E2-AEC5-C75FD5D56CC6}.Release|Any CPU.ActiveCfg = Release|Any CPU
		{5707D99D-E043-48E2-AEC5-C75FD5D56CC6}.Release|Any CPU.Build.0 = Release|Any CPU
		{00F06641-71E6-421A-97EB-D235437E2F9F}.Debug|Any CPU.ActiveCfg = Debug|Any CPU
		{00F06641-71E6-421A-97EB-D235437E2F9F}.Debug|Any CPU.Build.0 = Debug|Any CPU
		{00F06641-71E6-421A-97EB-D235437E2F9F}.Release|Any CPU.ActiveCfg = Release|Any CPU
		{00F06641-71E6-421A-97EB-D235437E2F9F}.Release|Any CPU.Build.0 = Release|Any CPU
		{C180A1B7-CB46-4D75-9C84-DB4D8B1A1C5D}.Debug|Any CPU.ActiveCfg = Debug|Any CPU
		{C180A1B7-CB46-4D75-9C84-DB4D8B1A1C5D}.Debug|Any CPU.Build.0 = Debug|Any CPU
		{C180A1B7-CB46-4D75-9C84-DB4D8B1A1C5D}.Release|Any CPU.ActiveCfg = Release|Any CPU
		{C180A1B7-CB46-4D75-9C84-DB4D8B1A1C5D}.Release|Any CPU.Build.0 = Release|Any CPU
		{01261555-78BD-4AE8-B21E-EE76DFF6AA5E}.Debug|Any CPU.ActiveCfg = Debug|Any CPU
		{01261555-78BD-4AE8-B21E-EE76DFF6AA5E}.Debug|Any CPU.Build.0 = Debug|Any CPU
		{01261555-78BD-4AE8-B21E-EE76DFF6AA5E}.Release|Any CPU.ActiveCfg = Release|Any CPU
		{01261555-78BD-4AE8-B21E-EE76DFF6AA5E}.Release|Any CPU.Build.0 = Release|Any CPU
		{1262737A-08D3-4BAE-8BBE-65C544305FC9}.Debug|Any CPU.ActiveCfg = Debug|Any CPU
		{1262737A-08D3-4BAE-8BBE-65C544305FC9}.Debug|Any CPU.Build.0 = Debug|Any CPU
		{1262737A-08D3-4BAE-8BBE-65C544305FC9}.Release|Any CPU.ActiveCfg = Release|Any CPU
		{1262737A-08D3-4BAE-8BBE-65C544305FC9}.Release|Any CPU.Build.0 = Release|Any CPU
	EndGlobalSection
	GlobalSection(SolutionProperties) = preSolution
		HideSolutionNode = FALSE
	EndGlobalSection
	GlobalSection(ExtensibilityGlobals) = postSolution
		SolutionGuid = {4FC717CC-EDC6-4E33-9604-AD8AFE5E96A9}
	EndGlobalSection
EndGlobal
